# THIS IS AN AUTOGENERATED FILE. DO NOT EDIT THIS FILE DIRECTLY.
# yarn lockfile v1


"@faker-js/faker@^10.3.0":
  version "10.3.0"
  resolved "https://registry.npmjs.org/@faker-js/faker/-/faker-10.3.0.tgz"
  integrity sha512-It0Sne6P3szg7JIi6CgKbvTZoMjxBZhcv91ZrqrNuaZQfB5WoqYYbzCUOq89YR+VY8juY9M1vDWmDDa2TzfXCw==

"@playwright/mcp@^0.0.73":
  version "0.0.73"
  resolved "https://registry.npmjs.org/@playwright/mcp/-/mcp-0.0.73.tgz"
  integrity sha512-2hq+nPq8esA3mi3bjEpBH5A3LkVqnSCJXw7NO2N7frJTzKsu8qdTQyvPl1jk83rPuIY6ALCdEBI60tdTODeNEA==
  dependencies:
    playwright "1.60.0-alpha-1777669338000"
    playwright-core "1.60.0-alpha-1777669338000"

"@playwright/test@^1.58.2":
  version "1.58.2"
  resolved "https://registry.npmjs.org/@playwright/test/-/test-1.58.2.tgz"
  integrity sha512-akea+6bHYBBfA9uQqSYmlJXn61cTa+jbO87xVLCWbTqbWadRVmhxlXATaOjOgcBaWU4ePo0wB41KMFv3o35IXA==
  dependencies:
    playwright "1.58.2"

"@types/node@^25.5.0":
  version "25.5.0"
  resolved "https://registry.npmjs.org/@types/node/-/node-25.5.0.tgz"
  integrity sha512-jp2P3tQMSxWugkCUKLRPVUpGaL5MVFwF8RDuSRztfwgN1wmqJeMSbKlnEtQqU8UrhTmzEmZdu2I6v2dpp7XIxw==
  dependencies:
    undici-types "~7.18.0"

dotenv@^17.3.1:
  version "17.3.1"
  resolved "https://registry.npmjs.org/dotenv/-/dotenv-17.3.1.tgz"
  integrity sha512-IO8C/dzEb6O3F9/twg6ZLXz164a2fhTnEWb95H23Dm4OuN+92NmEAlTrupP9VW6Jm3sO26tQlqyvyi4CsnY9GA==

playwright-core@1.58.2:
  version "1.58.2"
  resolved "https://registry.npmjs.org/playwright-core/-/playwright-core-1.58.2.tgz"
  integrity sha512-yZkEtftgwS8CsfYo7nm0KE8jsvm6i/PTgVtB8DL726wNf6H2IMsDuxCpJj59KDaxCtSnrWan2AeDqM7JBaultg==

playwright-core@1.60.0-alpha-1777669338000:
  version "1.60.0-alpha-1777669338000"
  resolved "https://registry.npmjs.org/playwright-core/-/playwright-core-1.60.0-alpha-1777669338000.tgz"
  integrity sha512-CbBF+YtjGGK2mWKdH6iiSNIB9v9Sq8owcUrTy1cw6FgMZavspM6ZSpidQQgQXz/1scQFrM110jrtJqTYwnjbeA==

playwright@1.58.2:
  version "1.58.2"
  resolved "https://registry.npmjs.org/playwright/-/playwright-1.58.2.tgz"
  integrity sha512-vA30H8Nvkq/cPBnNw4Q8TWz1EJyqgpuinBcHET0YVJVFldr8JDNiU9LaWAE1KqSkRYazuaBhTpB5ZzShOezQ6A==
  dependencies:
    playwright-core "1.58.2"
  optionalDependencies:
    fsevents "2.3.2"

playwright@1.60.0-alpha-1777669338000:
  version "1.60.0-alpha-1777669338000"
  resolved "https://registry.npmjs.org/playwright/-/playwright-1.60.0-alpha-1777669338000.tgz"
  integrity sha512-r5G2ZvpIJZHj53GKmUfoQiXHix5bjeObqysV4flfmFNykTjebI9bwdRBuW37pOQP25yjbArkxlsnT5APaWT8zg==
  dependencies:
    playwright-core "1.60.0-alpha-1777669338000"
  optionalDependencies:
    fsevents "2.3.2"

undici-types@~7.18.0:
  version "7.18.2"
  resolved "https://registry.npmjs.org/undici-types/-/undici-types-7.18.2.tgz"
  integrity sha512-AsuCzffGHJybSaRrmr5eHr81mwJU3kjw6M+uprWvCXiNeN9SOGwQ3Jn8jb8m3Z6izVgknn1R0FTCEAP2QrLY/w==
